
Microsoft Visual Studio Solution File, Format Version 12.00
# Visual Studio Version 17
VisualStudioVersion = 17.7.34202.233
MinimumVisualStudioVersion = 10.0.40219.1
Project("{FAE04EC0-301F-11D3-BF4B-00C04F79EFBC}") = "Технологии", "Технологии\Технологии.csproj", "{CFD8EB98-7C0E-4CF6-8D0E-C923CE29ACF9}"
EndProject
Global
	GlobalSection(SolutionConfigurationPlatforms) = preSolution
		Debug|Any CPU = Debug|Any CPU
		Release|Any CPU = Release|Any CPU
	EndGlobalSection
	GlobalSection(ProjectConfigurationPlatforms) = postSolution
		{CFD8EB98-7C0E-4CF6-8D0E-C923CE29ACF9}.Debug|Any CPU.ActiveCfg = Debug|Any CPU
		{CFD8EB98-7C0E-4CF6-8D0E-C923CE29ACF9}.Debug|Any CPU.Build.0 = Debug|Any CPU
		{CFD8EB98-7C0E-4CF6-8D0E-C923CE29ACF9}.Release|Any CPU.ActiveCfg = Release|Any CPU
		{CFD8EB98-7C0E-4CF6-8D0E-C923CE29ACF9}.Release|Any CPU.Build.0 = Release|Any CPU
	EndGlobalSection
	GlobalSection(SolutionProperties) = preSolution
		HideSolutionNode = FALSE
	EndGlobalSection
	GlobalSection(ExtensibilityGlobals) = postSolution
		SolutionGuid = {01717761-3EBD-4514-B705-543B5F790461}
	EndGlobalSection
EndGlobal
